github.com/davecgh/go-spew v1.1.1 h1:vj9j/u1bqnvCEfJOwUhtlOARqs3+rkHYY13jYWTU97c=
github.com/davecgh/go-spew v1.1.1/go.mod h1:J7Y8YcW2NihsgmVo/mv3lAwl/skON4iLHjSsI+c5H38=
github.com/elazarl/goproxy v1.7.0 h1:EXv2nV4EjM60ZtsEVLYJG4oBXhDGutMKperpHsZ/v+0=
github.com/elazarl/goproxy v1.7.0/go.mod h1:X/5W/t+gzDyLfHW4DrMdpjqYjpXsURlBt9lpBDxZZZQ=
github.com/elazarl/goproxy/ext v0.0.0-20250128221911-e749b3b1f72e h1:rJCtxmmCOka3SIiog/+qXXOcVc9Aj7cLHByDKghRjxo=
github.com/elazarl/goproxy/ext v0.0.0-20250128221911-e749b3b1f72e/go.mod h1:q2JQCFWg+AQfe6O2cbf7LJDB48R68w+q0pBU53v02iM=
github.com/pmezard/go-difflib v1.0.0 h1:4DBwDE0NGyQoBHbLQYPwSUPoCMWR5BEzIk/f1lZbAQM=
github.com/pmezard/go-difflib v1.0.0/go.mod h1:iKH77koFhYxTK1pcRnkKkqfTogsbg7gZNVY4sRDYZ/4=
github.com/rogpeppe/go-charset v0.0.0-20190617161244-0dc95cdf6f31 h1:DE4LcMKyqAVa6a0CGmVxANbnVb7stzMmPkQiieyNmfQ=
github.com/rogpeppe/go-charset v0.0.0-20190617161244-0dc95cdf6f31/go.mod h1:qgYeAmZ5ZIpBWTGllZSQnw97Dj+woV0toclVaRGI8pc=
github.com/stretchr/testify v1.10.0 h1:Xv5erBjTwe/5IxqUQTdXv5kgmIvbHo3QQyRwhJsOfJA=
github.com/stretchr/testify v1.10.0/go.mod h1:r2ic/lqez/lEtzL7wO/rwa5dbSLXVDPFyf8C91i36aY=
github.com/thisislawatts/pinproxy v0.0.0-20250129154837-5fbaafdfae9b h1:Zc0b5NW8mStTbHzS1SoCEQ5al/IkJEZGRo2GNh7LdDg=
github.com/thisislawatts/pinproxy v0.0.0-20250129154837-5fbaafdfae9b/go.mod h1:b9hhNfIzbGMKke4RADgcxXkmYNODMDYqisQTNA0nj6w=
golang.org/x/net v0.34.0 h1:Mb7Mrk043xzHgnRM88suvJFwzVrRfHEHJEl5/71CKw0=
golang.org/x/net v0.34.0/go.mod h1:di0qlW3YNM5oh6GqDGQr92MyTozJPmybPK4Ev/Gm31k=
golang.org/x/text v0.21.0 h1:zyQAAkrwaneQ066sspRyJaG9VNi/YJ1NfzcGB3hZ/qo=
golang.org/x/text v0.21.0/go.mod h1:4IBbMaMmOPCJ8SecivzSH54+73PCFmPWxNTLm+vZkEQ=
gopkg.in/yaml.v3 v3.0.1 h1:fxVm/GzAzEWqLHuvctI91KS9hhNmmWOoWu0XTYJS7CA=
gopkg.in/yaml.v3 v3.0.1/go.mod h1:K4uyk7z7BCEPqu6E+C64Yfv1cQ7kz7rIZviUmN+EgEM=
